
Microsoft Visual Studio Solution File, Format Version 12.00
# Visual Studio 15
VisualStudioVersion = 15.0.27130.2036
MinimumVisualStudioVersion = 10.0.40219.1
Project("{2150E333-8FDC-42A3-9474-1A3956D46DE8}") = "Libraries", "Libraries", "{F8DC3FFF-E2F8-4D82-978E-E193A5B4C9C5}"
EndProject
Project("{2150E333-8FDC-42A3-9474-1A3956D46DE8}") = "Presentation", "Presentation", "{B7BA8D68-4D8E-4CB4-84D8-88298937705B}"
EndProject
Project("{2150E333-8FDC-42A3-9474-1A3956D46DE8}") = "Tests", "Tests", "{3D5050B9-AFAC-4481-91DF-9F385C6A33FF}"
EndProject
Project("{2150E333-8FDC-42A3-9474-1A3956D46DE8}") = "Tools", "Tools", "{206CCDFC-2477-44A7-A1F5-07D4050F9C13}"
EndProject
Project("{2150E333-8FDC-42A3-9474-1A3956D46DE8}") = "Plugins", "Plugins", "{593E96AE-F6CD-4641-8936-109BC87291AF}"
EndProject
Project("{FAE04EC0-301F-11D3-BF4B-00C04F79EFBC}") = "RANSUROTTO.BLOG.Core", "Libraries\RANSUROTTO.BLOG.Core\RANSUROTTO.BLOG.Core.csproj", "{C8433697-18E2-41D5-A890-4FC735486229}"
EndProject
Project("{FAE04EC0-301F-11D3-BF4B-00C04F79EFBC}") = "RANSUROTTO.BLOG.Data", "Libraries\RANSUROTTO.BLOG.Data\RANSUROTTO.BLOG.Data.csproj", "{358042CD-0244-467F-8635-61078EE6A1F1}"
EndProject
Project("{FAE04EC0-301F-11D3-BF4B-00C04F79EFBC}") = "RANSUROTTO.BLOG.Service", "Libraries\RANSUROTTO.BLOG.Service\RANSUROTTO.BLOG.Service.csproj", "{579CB98F-E361-48E3-BBF5-9AA5D74A1FE1}"
EndProject
Project("{FAE04EC0-301F-11D3-BF4B-00C04F79EFBC}") = "RANSUROTTO.BLOG.Framework", "Presentation\RANSUROTTO.BLOG.Framework\RANSUROTTO.BLOG.Framework.csproj", "{8C72BEB7-97F8-4C6D-A744-CF98445D29F1}"
EndProject
Project("{2150E333-8FDC-42A3-9474-1A3956D46DE8}") = "APP", "APP", "{DFFF180A-FC8F-44CE-B305-31E807850F7B}"
EndProject
Project("{FAE04EC0-301F-11D3-BF4B-00C04F79EFBC}") = "RANSUROTTO.BLOG.Web", "Presentation\RANSUROTTO.BLOG.Web\RANSUROTTO.BLOG.Web.csproj", "{4567C320-0821-4AF6-8B6E-773FF765D414}"
EndProject
Project("{FAE04EC0-301F-11D3-BF4B-00C04F79EFBC}") = "RANSUROTTO.BLOG.Admin", "Presentation\RANSUROTTO.BLOG.Web\Administration\RANSUROTTO.BLOG.Admin.csproj", "{045FFF90-DAD1-43B3-A4EB-418633E7E8E0}"
EndProject
Global
	GlobalSection(SolutionConfigurationPlatforms) = preSolution
		Debug|Any CPU = Debug|Any CPU
		Release|Any CPU = Release|Any CPU
	EndGlobalSection
	GlobalSection(ProjectConfigurationPlatforms) = postSolution
		{C8433697-18E2-41D5-A890-4FC735486229}.Debug|Any CPU.ActiveCfg = Debug|Any CPU
		{C8433697-18E2-41D5-A890-4FC735486229}.Debug|Any CPU.Build.0 = Debug|Any CPU
		{C8433697-18E2-41D5-A890-4FC735486229}.Release|Any CPU.ActiveCfg = Release|Any CPU
		{C8433697-18E2-41D5-A890-4FC735486229}.Release|Any CPU.Build.0 = Release|Any CPU
		{358042CD-0244-467F-8635-61078EE6A1F1}.Debug|Any CPU.ActiveCfg = Debug|Any CPU
		{358042CD-0244-467F-8635-61078EE6A1F1}.Debug|Any CPU.Build.0 = Debug|Any CPU
		{358042CD-0244-467F-8635-61078EE6A1F1}.Release|Any CPU.ActiveCfg = Release|Any CPU
		{358042CD-0244-467F-8635-61078EE6A1F1}.Release|Any CPU.Build.0 = Release|Any CPU
		{579CB98F-E361-48E3-BBF5-9AA5D74A1FE1}.Debug|Any CPU.ActiveCfg = Debug|Any CPU
		{579CB98F-E361-48E3-BBF5-9AA5D74A1FE1}.Debug|Any CPU.Build.0 = Debug|Any CPU
		{579CB98F-E361-48E3-BBF5-9AA5D74A1FE1}.Release|Any CPU.ActiveCfg = Release|Any CPU
		{579CB98F-E361-48E3-BBF5-9AA5D74A1FE1}.Release|Any CPU.Build.0 = Release|Any CPU
		{8C72BEB7-97F8-4C6D-A744-CF98445D29F1}.Debug|Any CPU.ActiveCfg = Debug|Any CPU
		{8C72BEB7-97F8-4C6D-A744-CF98445D29F1}.Debug|Any CPU.Build.0 = Debug|Any CPU
		{8C72BEB7-97F8-4C6D-A744-CF98445D29F1}.Release|Any CPU.ActiveCfg = Release|Any CPU
		{8C72BEB7-97F8-4C6D-A744-CF98445D29F1}.Release|Any CPU.Build.0 = Release|Any CPU
		{4567C320-0821-4AF6-8B6E-773FF765D414}.Debug|Any CPU.ActiveCfg = Debug|Any CPU
		{4567C320-0821-4AF6-8B6E-773FF765D414}.Debug|Any CPU.Build.0 = Debug|Any CPU
		{4567C320-0821-4AF6-8B6E-773FF765D414}.Release|Any CPU.ActiveCfg = Release|Any CPU
		{4567C320-0821-4AF6-8B6E-773FF765D414}.Release|Any CPU.Build.0 = Release|Any CPU
		{045FFF90-DAD1-43B3-A4EB-418633E7E8E0}.Debug|Any CPU.ActiveCfg = Debug|Any CPU
		{045FFF90-DAD1-43B3-A4EB-418633E7E8E0}.Debug|Any CPU.Build.0 = Debug|Any CPU
		{045FFF90-DAD1-43B3-A4EB-418633E7E8E0}.Release|Any CPU.ActiveCfg = Release|Any CPU
		{045FFF90-DAD1-43B3-A4EB-418633E7E8E0}.Release|Any CPU.Build.0 = Release|Any CPU
	EndGlobalSection
	GlobalSection(SolutionProperties) = preSolution
		HideSolutionNode = FALSE
	EndGlobalSection
	GlobalSection(NestedProjects) = preSolution
		{C8433697-18E2-41D5-A890-4FC735486229} = {F8DC3FFF-E2F8-4D82-978E-E193A5B4C9C5}
		{358042CD-0244-467F-8635-61078EE6A1F1} = {F8DC3FFF-E2F8-4D82-978E-E193A5B4C9C5}
		{579CB98F-E361-48E3-BBF5-9AA5D74A1FE1} = {F8DC3FFF-E2F8-4D82-978E-E193A5B4C9C5}
		{8C72BEB7-97F8-4C6D-A744-CF98445D29F1} = {B7BA8D68-4D8E-4CB4-84D8-88298937705B}
		{DFFF180A-FC8F-44CE-B305-31E807850F7B} = {B7BA8D68-4D8E-4CB4-84D8-88298937705B}
		{4567C320-0821-4AF6-8B6E-773FF765D414} = {DFFF180A-FC8F-44CE-B305-31E807850F7B}
		{045FFF90-DAD1-43B3-A4EB-418633E7E8E0} = {DFFF180A-FC8F-44CE-B305-31E807850F7B}
	EndGlobalSection
	GlobalSection(ExtensibilityGlobals) = postSolution
		SolutionGuid = {4CDD30A8-BB5B-4841-9B54-6F395A6B7D69}
	EndGlobalSection
EndGlobal
